
Microsoft Visual Studio Solution File, Format Version 12.00
# Visual Studio 15
VisualStudioVersion = 15.0.26124.0
MinimumVisualStudioVersion = 15.0.26124.0
Project("{FAE04EC0-301F-11D3-BF4B-00C04F79EFBC}") = "Akka.Cluster.Sharding.Repro.Node", "src\Akka.Cluster.Sharding.Repro.Node\Akka.Cluster.Sharding.Repro.Node.csproj", "{BD72BD80-F184-48C4-90EF-F0F825EB62CA}"
EndProject
Project("{9A19103F-16F7-4668-BE54-9A1E7A4F7556}") = "Lighthouse", "src\Lighthouse\Lighthouse.csproj", "{C9CD6B9E-C854-466B-B6C2-72F6B0C1B64F}"
EndProject
Global
	GlobalSection(SolutionConfigurationPlatforms) = preSolution
		Debug|Any CPU = Debug|Any CPU
		Debug|x64 = Debug|x64
		Debug|x86 = Debug|x86
		Release|Any CPU = Release|Any CPU
		Release|x64 = Release|x64
		Release|x86 = Release|x86
	EndGlobalSection
	GlobalSection(ProjectConfigurationPlatforms) = postSolution
		{BD72BD80-F184-48C4-90EF-F0F825EB62CA}.Debug|Any CPU.ActiveCfg = Debug|Any CPU
		{BD72BD80-F184-48C4-90EF-F0F825EB62CA}.Debug|Any CPU.Build.0 = Debug|Any CPU
		{BD72BD80-F184-48C4-90EF-F0F825EB62CA}.Debug|x64.ActiveCfg = Debug|Any CPU
		{BD72BD80-F184-48C4-90EF-F0F825EB62CA}.Debug|x64.Build.0 = Debug|Any CPU
		{BD72BD80-F184-48C4-90EF-F0F825EB62CA}.Debug|x86.ActiveCfg = Debug|Any CPU
		{BD72BD80-F184-48C4-90EF-F0F825EB62CA}.Debug|x86.Build.0 = Debug|Any CPU
		{BD72BD80-F184-48C4-90EF-F0F825EB62CA}.Release|Any CPU.ActiveCfg = Release|Any CPU
		{BD72BD80-F184-48C4-90EF-F0F825EB62CA}.Release|Any CPU.Build.0 = Release|Any CPU
		{BD72BD80-F184-48C4-90EF-F0F825EB62CA}.Release|x64.ActiveCfg = Release|Any CPU
		{BD72BD80-F184-48C4-90EF-F0F825EB62CA}.Release|x64.Build.0 = Release|Any CPU
		{BD72BD80-F184-48C4-90EF-F0F825EB62CA}.Release|x86.ActiveCfg = Release|Any CPU
		{BD72BD80-F184-48C4-90EF-F0F825EB62CA}.Release|x86.Build.0 = Release|Any CPU
		{C9CD6B9E-C854-466B-B6C2-72F6B0C1B64F}.Debug|Any CPU.ActiveCfg = Debug|Any CPU
		{C9CD6B9E-C854-466B-B6C2-72F6B0C1B64F}.Debug|Any CPU.Build.0 = Debug|Any CPU
		{C9CD6B9E-C854-466B-B6C2-72F6B0C1B64F}.Debug|x64.ActiveCfg = Debug|Any CPU
		{C9CD6B9E-C854-466B-B6C2-72F6B0C1B64F}.Debug|x64.Build.0 = Debug|Any CPU
		{C9CD6B9E-C854-466B-B6C2-72F6B0C1B64F}.Debug|x86.ActiveCfg = Debug|Any CPU
		{C9CD6B9E-C854-466B-B6C2-72F6B0C1B64F}.Debug|x86.Build.0 = Debug|Any CPU
		{C9CD6B9E-C854-466B-B6C2-72F6B0C1B64F}.Release|Any CPU.ActiveCfg = Release|Any CPU
		{C9CD6B9E-C854-466B-B6C2-72F6B0C1B64F}.Release|Any CPU.Build.0 = Release|Any CPU
		{C9CD6B9E-C854-466B-B6C2-72F6B0C1B64F}.Release|x64.ActiveCfg = Release|Any CPU
		{C9CD6B9E-C854-466B-B6C2-72F6B0C1B64F}.Release|x64.Build.0 = Release|Any CPU
		{C9CD6B9E-C854-466B-B6C2-72F6B0C1B64F}.Release|x86.ActiveCfg = Release|Any CPU
		{C9CD6B9E-C854-466B-B6C2-72F6B0C1B64F}.Release|x86.Build.0 = Release|Any CPU
	EndGlobalSection
	GlobalSection(SolutionProperties) = preSolution
		HideSolutionNode = FALSE
	EndGlobalSection
	GlobalSection(ExtensibilityGlobals) = postSolution
		SolutionGuid = {42021381-B15E-4BD0-8938-8F010C588E3B}
	EndGlobalSection
EndGlobal
